
Microsoft Visual Studio Solution File, Format Version 12.00
# Visual Studio 15
VisualStudioVersion = 15.0.28307.645
MinimumVisualStudioVersion = 10.0.40219.1
Project("{FAE04EC0-301F-11D3-BF4B-00C04F79EFBC}") = "ProductsManagementApp.Android", "ProductsManagementApp\ProductsManagementApp.Android\ProductsManagementApp.Android.csproj", "{5E7C748A-FA26-409E-974C-598295CC42C5}"
EndProject
Project("{9A19103F-16F7-4668-BE54-9A1E7A4F7556}") = "ProductsManagementApp", "ProductsManagementApp\ProductsManagementApp\ProductsManagementApp.csproj", "{B079F09A-9631-4EDF-80D5-91AB3BAAA328}"
EndProject
Global
	GlobalSection(SolutionConfigurationPlatforms) = preSolution
		Debug|Any CPU = Debug|Any CPU
		Release|Any CPU = Release|Any CPU
	EndGlobalSection
	GlobalSection(ProjectConfigurationPlatforms) = postSolution
		{5E7C748A-FA26-409E-974C-598295CC42C5}.Debug|Any CPU.ActiveCfg = Debug|Any CPU
		{5E7C748A-FA26-409E-974C-598295CC42C5}.Debug|Any CPU.Build.0 = Debug|Any CPU
		{5E7C748A-FA26-409E-974C-598295CC42C5}.Debug|Any CPU.Deploy.0 = Debug|Any CPU
		{5E7C748A-FA26-409E-974C-598295CC42C5}.Release|Any CPU.ActiveCfg = Release|Any CPU
		{5E7C748A-FA26-409E-974C-598295CC42C5}.Release|Any CPU.Build.0 = Release|Any CPU
		{5E7C748A-FA26-409E-974C-598295CC42C5}.Release|Any CPU.Deploy.0 = Release|Any CPU
		{B079F09A-9631-4EDF-80D5-91AB3BAAA328}.Debug|Any CPU.ActiveCfg = Debug|Any CPU
		{B079F09A-9631-4EDF-80D5-91AB3BAAA328}.Debug|Any CPU.Build.0 = Debug|Any CPU
		{B079F09A-9631-4EDF-80D5-91AB3BAAA328}.Release|Any CPU.ActiveCfg = Release|Any CPU
		{B079F09A-9631-4EDF-80D5-91AB3BAAA328}.Release|Any CPU.Build.0 = Release|Any CPU
	EndGlobalSection
	GlobalSection(SolutionProperties) = preSolution
		HideSolutionNode = FALSE
	EndGlobalSection
	GlobalSection(ExtensibilityGlobals) = postSolution
		SolutionGuid = {0614C6C6-2A7C-4640-8D9F-ED742B26DEDB}
	EndGlobalSection
EndGlobal
